// !$*UTF8*$!
{
	archiveVersion = 1;
	classes = {
	};
	objectVersion = 50;
	objects = {

/* Begin PBXBuildFile section */
		6727600F2233B2EC00953C66 /* main.swift in Sources */ = {isa = PBXBuildFile; fileRef = 6727600E2233B2EC00953C66 /* main.swift */; };
		6734F6A7222D47AE0085DD86 /* main.swift in Sources */ = {isa = PBXBuildFile; fileRef = 6734F6A6222D47AE0085DD86 /* main.swift */; };
		6734F6B2222D48B00085DD86 /* main.swift in Sources */ = {isa = PBXBuildFile; fileRef = 6734F6B1222D48B00085DD86 /* main.swift */; };
		67635CF321EC8DFD00235C81 /* main.c in Sources */ = {isa = PBXBuildFile; fileRef = 67635CF221EC8DFD00235C81 /* main.c */; };
		67635CF921EC8E2900235C81 /* RangeSumOfBST.c in Sources */ = {isa = PBXBuildFile; fileRef = 67635CF821EC8E2900235C81 /* RangeSumOfBST.c */; };
		6764EB9A21EC860100544DA6 /* main.swift in Sources */ = {isa = PBXBuildFile; fileRef = 6764EB9921EC860100544DA6 /* main.swift */; };
		677903BF2227F64D00B7837C /* main.swift in Sources */ = {isa = PBXBuildFile; fileRef = 677903BE2227F64D00B7837C /* main.swift */; };
		677903CB222801DC00B7837C /* main.swift in Sources */ = {isa = PBXBuildFile; fileRef = 677903CA222801DC00B7837C /* main.swift */; };
		67B6125B225F4FBE007ED741 /* main.swift in Sources */ = {isa = PBXBuildFile; fileRef = 67B6125A225F4FBE007ED741 /* main.swift */; };
		67BA43792227CF4900589074 /* main.swift in Sources */ = {isa = PBXBuildFile; fileRef = 67BA43782227CF4900589074 /* main.swift */; };
		67D03C9221F0AC180081A00E /* main.c in Sources */ = {isa = PBXBuildFile; fileRef = 67D03C9121F0AC180081A00E /* main.c */; };
		67D03C9821F0AC2A0081A00E /* SortArrayByParity.c in Sources */ = {isa = PBXBuildFile; fileRef = 67D03C9721F0AC2A0081A00E /* SortArrayByParity.c */; };
		67D847B121E9A148009D21C2 /* main.c in Sources */ = {isa = PBXBuildFile; fileRef = 67D847B021E9A148009D21C2 /* main.c */; };
		67D847B421E9A162009D21C2 /* Fibonacci.c in Sources */ = {isa = PBXBuildFile; fileRef = 67D847B321E9A162009D21C2 /* Fibonacci.c */; };
		67D847BC21E9A530009D21C2 /* main.swift in Sources */ = {isa = PBXBuildFile; fileRef = 67D847BB21E9A530009D21C2 /* main.swift */; };
		67E2474822673345001F8E36 /* BinaryTree.swift in Sources */ = {isa = PBXBuildFile; fileRef = 67E2474722673345001F8E36 /* BinaryTree.swift */; };
		67EE8AE322671FDF00534697 /* main.swift in Sources */ = {isa = PBXBuildFile; fileRef = 67EE8AE222671FDF00534697 /* main.swift */; };
		67EE8AE82267201600534697 /* TreeNode.swift in Sources */ = {isa = PBXBuildFile; fileRef = 67EE8AE72267201600534697 /* TreeNode.swift */; };
/* End PBXBuildFile section */

/* Begin PBXCopyFilesBuildPhase section */
		6727600A2233B2EC00953C66 /* CopyFiles */ = {
			isa = PBXCopyFilesBuildPhase;
			buildActionMask = 2147483647;
			dstPath = /usr/share/man/man1/;
			dstSubfolderSpec = 0;
			files = (
			);
			runOnlyForDeploymentPostprocessing = 1;
		};
		6734F6A2222D47AE0085DD86 /* CopyFiles */ = {
			isa = PBXCopyFilesBuildPhase;
			buildActionMask = 2147483647;
			dstPath = /usr/share/man/man1/;
			dstSubfolderSpec = 0;
			files = (
			);
			runOnlyForDeploymentPostprocessing = 1;
		};
		6734F6AD222D48B00085DD86 /* CopyFiles */ = {
			isa = PBXCopyFilesBuildPhase;
			buildActionMask = 2147483647;
			dstPath = /usr/share/man/man1/;
			dstSubfolderSpec = 0;
			files = (
			);
			runOnlyForDeploymentPostprocessing = 1;
		};
		67635CEE21EC8DFD00235C81 /* CopyFiles */ = {
			isa = PBXCopyFilesBuildPhase;
			buildActionMask = 2147483647;
			dstPath = /usr/share/man/man1/;
			dstSubfolderSpec = 0;
			files = (
			);
			runOnlyForDeploymentPostprocessing = 1;
		};
		6764EB9521EC860100544DA6 /* CopyFiles */ = {
			isa = PBXCopyFilesBuildPhase;
			buildActionMask = 2147483647;
			dstPath = /usr/share/man/man1/;
			dstSubfolderSpec = 0;
			files = (
			);
			runOnlyForDeploymentPostprocessing = 1;
		};
		677903BA2227F64D00B7837C /* CopyFiles */ = {
			isa = PBXCopyFilesBuildPhase;
			buildActionMask = 2147483647;
			dstPath = /usr/share/man/man1/;
			dstSubfolderSpec = 0;
			files = (
			);
			runOnlyForDeploymentPostprocessing = 1;
		};
		677903C6222801DC00B7837C /* CopyFiles */ = {
			isa = PBXCopyFilesBuildPhase;
			buildActionMask = 2147483647;
			dstPath = /usr/share/man/man1/;
			dstSubfolderSpec = 0;
			files = (
			);
			runOnlyForDeploymentPostprocessing = 1;
		};
		67B61256225F4FBE007ED741 /* CopyFiles */ = {
			isa = PBXCopyFilesBuildPhase;
			buildActionMask = 2147483647;
			dstPath = /usr/share/man/man1/;
			dstSubfolderSpec = 0;
			files = (
			);
			runOnlyForDeploymentPostprocessing = 1;
		};
		67BA43742227CF4900589074 /* CopyFiles */ = {
			isa = PBXCopyFilesBuildPhase;
			buildActionMask = 2147483647;
			dstPath = /usr/share/man/man1/;
			dstSubfolderSpec = 0;
			files = (
			);
			runOnlyForDeploymentPostprocessing = 1;
		};
		67D03C8D21F0AC180081A00E /* CopyFiles */ = {
			isa = PBXCopyFilesBuildPhase;
			buildActionMask = 2147483647;
			dstPath = /usr/share/man/man1/;
			dstSubfolderSpec = 0;
			files = (
			);
			runOnlyForDeploymentPostprocessing = 1;
		};
		67D847A721E9A135009D21C2 /* CopyFiles */ = {
			isa = PBXCopyFilesBuildPhase;
			buildActionMask = 2147483647;
			dstPath = /usr/share/man/man1/;
			dstSubfolderSpec = 0;
			files = (
			);
			runOnlyForDeploymentPostprocessing = 1;
		};
		67D847B721E9A530009D21C2 /* CopyFiles */ = {
			isa = PBXCopyFilesBuildPhase;
			buildActionMask = 2147483647;
			dstPath = /usr/share/man/man1/;
			dstSubfolderSpec = 0;
			files = (
			);
			runOnlyForDeploymentPostprocessing = 1;
		};
		67EE8ADE22671FDF00534697 /* CopyFiles */ = {
			isa = PBXCopyFilesBuildPhase;
			buildActionMask = 2147483647;
			dstPath = /usr/share/man/man1/;
			dstSubfolderSpec = 0;
			files = (
			);
			runOnlyForDeploymentPostprocessing = 1;
		};
/* End PBXCopyFilesBuildPhase section */

/* Begin PBXFileReference section */
		6727600C2233B2EC00953C66 /* 50. Pow(x, n) */ = {isa = PBXFileReference; explicitFileType = "compiled.mach-o.executable"; includeInIndex = 0; path = "50. Pow(x, n)"; sourceTree = BUILT_PRODUCTS_DIR; };
		6727600E2233B2EC00953C66 /* main.swift */ = {isa = PBXFileReference; lastKnownFileType = sourcecode.swift; path = main.swift; sourceTree = "<group>"; };
		6734F6A4222D47AE0085DD86 /* 1. Two Sum */ = {isa = PBXFileReference; explicitFileType = "compiled.mach-o.executable"; includeInIndex = 0; path = "1. Two Sum"; sourceTree = BUILT_PRODUCTS_DIR; };
		6734F6A6222D47AE0085DD86 /* main.swift */ = {isa = PBXFileReference; lastKnownFileType = sourcecode.swift; path = main.swift; sourceTree = "<group>"; };
		6734F6AF222D48B00085DD86 /* 77. Combinations */ = {isa = PBXFileReference; explicitFileType = "compiled.mach-o.executable"; includeInIndex = 0; path = "77. Combinations"; sourceTree = BUILT_PRODUCTS_DIR; };
		6734F6B1222D48B00085DD86 /* main.swift */ = {isa = PBXFileReference; lastKnownFileType = sourcecode.swift; path = main.swift; sourceTree = "<group>"; };
		67635CF021EC8DFD00235C81 /* RangeSumOfBST */ = {isa = PBXFileReference; explicitFileType = "compiled.mach-o.executable"; includeInIndex = 0; path = RangeSumOfBST; sourceTree = BUILT_PRODUCTS_DIR; };
		67635CF221EC8DFD00235C81 /* main.c */ = {isa = PBXFileReference; lastKnownFileType = sourcecode.c.c; path = main.c; sourceTree = "<group>"; };
		67635CF721EC8E2900235C81 /* RangeSumOfBST.h */ = {isa = PBXFileReference; lastKnownFileType = sourcecode.c.h; path = RangeSumOfBST.h; sourceTree = "<group>"; };
		67635CF821EC8E2900235C81 /* RangeSumOfBST.c */ = {isa = PBXFileReference; lastKnownFileType = sourcecode.c.c; path = RangeSumOfBST.c; sourceTree = "<group>"; };
		6764EB9721EC860100544DA6 /* UniqueEmailAddresses */ = {isa = PBXFileReference; explicitFileType = "compiled.mach-o.executable"; includeInIndex = 0; path = UniqueEmailAddresses; sourceTree = BUILT_PRODUCTS_DIR; };
		6764EB9921EC860100544DA6 /* main.swift */ = {isa = PBXFileReference; lastKnownFileType = sourcecode.swift; path = main.swift; sourceTree = "<group>"; };
		6764EB9E21EC862D00544DA6 /* UniqueEmailAddresses.go */ = {isa = PBXFileReference; fileEncoding = 4; lastKnownFileType = text; path = UniqueEmailAddresses.go; sourceTree = "<group>"; };
		6764EB9F21EC862D00544DA6 /* main.go */ = {isa = PBXFileReference; fileEncoding = 4; lastKnownFileType = text; path = main.go; sourceTree = "<group>"; };
		677903BC2227F64D00B7837C /* 141. Linked List Cycle */ = {isa = PBXFileReference; explicitFileType = "compiled.mach-o.executable"; includeInIndex = 0; path = "141. Linked List Cycle"; sourceTree = BUILT_PRODUCTS_DIR; };
		677903BE2227F64D00B7837C /* main.swift */ = {isa = PBXFileReference; lastKnownFileType = sourcecode.swift; path = main.swift; sourceTree = "<group>"; };
		677903C32228008C00B7837C /* main.go */ = {isa = PBXFileReference; fileEncoding = 4; lastKnownFileType = text; path = main.go; sourceTree = "<group>"; };
		677903C8222801DC00B7837C /* 8. String to Integer */ = {isa = PBXFileReference; explicitFileType = "compiled.mach-o.executable"; includeInIndex = 0; path = "8. String to Integer"; sourceTree = BUILT_PRODUCTS_DIR; };
		677903CA222801DC00B7837C /* main.swift */ = {isa = PBXFileReference; lastKnownFileType = sourcecode.swift; path = main.swift; sourceTree = "<group>"; };
		67B61258225F4FBE007ED741 /* 70. Climbing Stairs */ = {isa = PBXFileReference; explicitFileType = "compiled.mach-o.executable"; includeInIndex = 0; path = "70. Climbing Stairs"; sourceTree = BUILT_PRODUCTS_DIR; };
		67B6125A225F4FBE007ED741 /* main.swift */ = {isa = PBXFileReference; lastKnownFileType = sourcecode.swift; path = main.swift; sourceTree = "<group>"; };
		67BA43762227CF4900589074 /* 206. Reverse Linked List */ = {isa = PBXFileReference; explicitFileType = "compiled.mach-o.executable"; includeInIndex = 0; path = "206. Reverse Linked List"; sourceTree = BUILT_PRODUCTS_DIR; };
		67BA43782227CF4900589074 /* main.swift */ = {isa = PBXFileReference; lastKnownFileType = sourcecode.swift; path = main.swift; sourceTree = "<group>"; };
		67D03C8F21F0AC180081A00E /* SortArrayByParity */ = {isa = PBXFileReference; explicitFileType = "compiled.mach-o.executable"; includeInIndex = 0; path = SortArrayByParity; sourceTree = BUILT_PRODUCTS_DIR; };
		67D03C9121F0AC180081A00E /* main.c */ = {isa = PBXFileReference; lastKnownFileType = sourcecode.c.c; path = main.c; sourceTree = "<group>"; };
		67D03C9621F0AC2A0081A00E /* SortArrayByParity.h */ = {isa = PBXFileReference; lastKnownFileType = sourcecode.c.h; path = SortArrayByParity.h; sourceTree = "<group>"; };
		67D03C9721F0AC2A0081A00E /* SortArrayByParity.c */ = {isa = PBXFileReference; lastKnownFileType = sourcecode.c.c; path = SortArrayByParity.c; sourceTree = "<group>"; };
		67D847A921E9A135009D21C2 /* Fibonacci */ = {isa = PBXFileReference; explicitFileType = "compiled.mach-o.executable"; includeInIndex = 0; path = Fibonacci; sourceTree = BUILT_PRODUCTS_DIR; };
		67D847B021E9A148009D21C2 /* main.c */ = {isa = PBXFileReference; fileEncoding = 4; lastKnownFileType = sourcecode.c.c; path = main.c; sourceTree = "<group>"; };
		67D847B221E9A162009D21C2 /* Fibonacci.h */ = {isa = PBXFileReference; lastKnownFileType = sourcecode.c.h; path = Fibonacci.h; sourceTree = "<group>"; };
		67D847B321E9A162009D21C2 /* Fibonacci.c */ = {isa = PBXFileReference; lastKnownFileType = sourcecode.c.c; path = Fibonacci.c; sourceTree = "<group>"; };
		67D847B921E9A530009D21C2 /* ToLowerCase */ = {isa = PBXFileReference; explicitFileType = "compiled.mach-o.executable"; includeInIndex = 0; path = ToLowerCase; sourceTree = BUILT_PRODUCTS_DIR; };
		67D847BB21E9A530009D21C2 /* main.swift */ = {isa = PBXFileReference; lastKnownFileType = sourcecode.swift; path = main.swift; sourceTree = "<group>"; };
		67E2474722673345001F8E36 /* BinaryTree.swift */ = {isa = PBXFileReference; lastKnownFileType = sourcecode.swift; path = BinaryTree.swift; sourceTree = "<group>"; };
		67EE8AE022671FDF00534697 /* 98. Validate Binary Search Tree */ = {isa = PBXFileReference; explicitFileType = "compiled.mach-o.executable"; includeInIndex = 0; path = "98. Validate Binary Search Tree"; sourceTree = BUILT_PRODUCTS_DIR; };
		67EE8AE222671FDF00534697 /* main.swift */ = {isa = PBXFileReference; lastKnownFileType = sourcecode.swift; path = main.swift; sourceTree = "<group>"; };
		67EE8AE72267201600534697 /* TreeNode.swift */ = {isa = PBXFileReference; lastKnownFileType = sourcecode.swift; path = TreeNode.swift; sourceTree = "<group>"; };
/* End PBXFileReference section */

/* Begin PBXFrameworksBuildPhase section */
		672760092233B2EC00953C66 /* Frameworks */ = {
			isa = PBXFrameworksBuildPhase;
			buildActionMask = 2147483647;
			files = (
			);
			runOnlyForDeploymentPostprocessing = 0;
		};
		6734F6A1222D47AE0085DD86 /* Frameworks */ = {
			isa = PBXFrameworksBuildPhase;
			buildActionMask = 2147483647;
			files = (
			);
			runOnlyForDeploymentPostprocessing = 0;
		};
		6734F6AC222D48B00085DD86 /* Frameworks */ = {
			isa = PBXFrameworksBuildPhase;
			buildActionMask = 2147483647;
			files = (
			);
			runOnlyForDeploymentPostprocessing = 0;
		};
		67635CED21EC8DFD00235C81 /* Frameworks */ = {
			isa = PBXFrameworksBuildPhase;
			buildActionMask = 2147483647;
			files = (
			);
			runOnlyForDeploymentPostprocessing = 0;
		};
		6764EB9421EC860100544DA6 /* Frameworks */ = {
			isa = PBXFrameworksBuildPhase;
			buildActionMask = 2147483647;
			files = (
			);
			runOnlyForDeploymentPostprocessing = 0;
		};
		677903B92227F64D00B7837C /* Frameworks */ = {
			isa = PBXFrameworksBuildPhase;
			buildActionMask = 2147483647;
			files = (
			);
			runOnlyForDeploymentPostprocessing = 0;
		};
		677903C5222801DC00B7837C /* Frameworks */ = {
			isa = PBXFrameworksBuildPhase;
			buildActionMask = 2147483647;
			files = (
			);
			runOnlyForDeploymentPostprocessing = 0;
		};
		67B61255225F4FBE007ED741 /* Frameworks */ = {
			isa = PBXFrameworksBuildPhase;
			buildActionMask = 2147483647;
			files = (
			);
			runOnlyForDeploymentPostprocessing = 0;
		};
		67BA43732227CF4900589074 /* Frameworks */ = {
			isa = PBXFrameworksBuildPhase;
			buildActionMask = 2147483647;
			files = (
			);
			runOnlyForDeploymentPostprocessing = 0;
		};
		67D03C8C21F0AC180081A00E /* Frameworks */ = {
			isa = PBXFrameworksBuildPhase;
			buildActionMask = 2147483647;
			files = (
			);
			runOnlyForDeploymentPostprocessing = 0;
		};
		67D847A621E9A135009D21C2 /* Frameworks */ = {
			isa = PBXFrameworksBuildPhase;
			buildActionMask = 2147483647;
			files = (
			);
			runOnlyForDeploymentPostprocessing = 0;
		};
		67D847B621E9A530009D21C2 /* Frameworks */ = {
			isa = PBXFrameworksBuildPhase;
			buildActionMask = 2147483647;
			files = (
			);
			runOnlyForDeploymentPostprocessing = 0;
		};
		67EE8ADD22671FDF00534697 /* Frameworks */ = {
			isa = PBXFrameworksBuildPhase;
			buildActionMask = 2147483647;
			files = (
			);
			runOnlyForDeploymentPostprocessing = 0;
		};
/* End PBXFrameworksBuildPhase section */

/* Begin PBXGroup section */
		6727600D2233B2EC00953C66 /* 50. Pow(x, n) */ = {
			isa = PBXGroup;
			children = (
				6727600E2233B2EC00953C66 /* main.swift */,
			);
			path = "50. Pow(x, n)";
			sourceTree = "<group>";
		};
		6734F6A5222D47AE0085DD86 /* 1. Two Sum */ = {
			isa = PBXGroup;
			children = (
				6734F6A6222D47AE0085DD86 /* main.swift */,
			);
			path = "1. Two Sum";
			sourceTree = "<group>";
		};
		6734F6B0222D48B00085DD86 /* 77. Combinations */ = {
			isa = PBXGroup;
			children = (
				6734F6B1222D48B00085DD86 /* main.swift */,
			);
			path = "77. Combinations";
			sourceTree = "<group>";
		};
		67635CF121EC8DFD00235C81 /* RangeSumOfBST */ = {
			isa = PBXGroup;
			children = (
				67635CF721EC8E2900235C81 /* RangeSumOfBST.h */,
				67635CF821EC8E2900235C81 /* RangeSumOfBST.c */,
				67635CF221EC8DFD00235C81 /* main.c */,
			);
			path = RangeSumOfBST;
			sourceTree = "<group>";
		};
		6764EB9821EC860100544DA6 /* UniqueEmailAddresses */ = {
			isa = PBXGroup;
			children = (
				6764EB9F21EC862D00544DA6 /* main.go */,
				6764EB9E21EC862D00544DA6 /* UniqueEmailAddresses.go */,
				6764EB9921EC860100544DA6 /* main.swift */,
			);
			path = UniqueEmailAddresses;
			sourceTree = "<group>";
		};
		677903BD2227F64D00B7837C /* 141. Linked List Cycle */ = {
			isa = PBXGroup;
			children = (
				677903C32228008C00B7837C /* main.go */,
				677903BE2227F64D00B7837C /* main.swift */,
			);
			path = "141. Linked List Cycle";
			sourceTree = "<group>";
		};
		677903C9222801DC00B7837C /* 8. String to Integer */ = {
			isa = PBXGroup;
			children = (
				677903CA222801DC00B7837C /* main.swift */,
			);
			path = "8. String to Integer";
			sourceTree = "<group>";
		};
		67B61259225F4FBE007ED741 /* 70. Climbing Stairs */ = {
			isa = PBXGroup;
			children = (
				67B6125A225F4FBE007ED741 /* main.swift */,
			);
			path = "70. Climbing Stairs";
			sourceTree = "<group>";
		};
		67BA43772227CF4900589074 /* 206. Reverse Linked List */ = {
			isa = PBXGroup;
			children = (
				67BA43782227CF4900589074 /* main.swift */,
			);
			path = "206. Reverse Linked List";
			sourceTree = "<group>";
		};
		67D03C9021F0AC180081A00E /* SortArrayByParity */ = {
			isa = PBXGroup;
			children = (
				67D03C9621F0AC2A0081A00E /* SortArrayByParity.h */,
				67D03C9721F0AC2A0081A00E /* SortArrayByParity.c */,
				67D03C9121F0AC180081A00E /* main.c */,
			);
			path = SortArrayByParity;
			sourceTree = "<group>";
		};
		67D8478721E9A0B2009D21C2 = {
			isa = PBXGroup;
			children = (
				6734F6A5222D47AE0085DD86 /* 1. Two Sum */,
				67D847AA21E9A135009D21C2 /* Fibonacci */,
				67D847BA21E9A530009D21C2 /* ToLowerCase */,
				6764EB9821EC860100544DA6 /* UniqueEmailAddresses */,
				67635CF121EC8DFD00235C81 /* RangeSumOfBST */,
				67D03C9021F0AC180081A00E /* SortArrayByParity */,
				67BA43772227CF4900589074 /* 206. Reverse Linked List */,
				677903BD2227F64D00B7837C /* 141. Linked List Cycle */,
				677903C9222801DC00B7837C /* 8. String to Integer */,
				6734F6B0222D48B00085DD86 /* 77. Combinations */,
				6727600D2233B2EC00953C66 /* 50. Pow(x, n) */,
				67B61259225F4FBE007ED741 /* 70. Climbing Stairs */,
				67EE8AE122671FDF00534697 /* 98. Validate Binary Search Tree */,
				67D8479121E9A0B2009D21C2 /* Products */,
			);
			sourceTree = "<group>";
		};
		67D8479121E9A0B2009D21C2 /* Products */ = {
			isa = PBXGroup;
			children = (
				67D847A921E9A135009D21C2 /* Fibonacci */,
				67D847B921E9A530009D21C2 /* ToLowerCase */,
				6764EB9721EC860100544DA6 /* UniqueEmailAddresses */,
				67635CF021EC8DFD00235C81 /* RangeSumOfBST */,
				67D03C8F21F0AC180081A00E /* SortArrayByParity */,
				67BA43762227CF4900589074 /* 206. Reverse Linked List */,
				677903BC2227F64D00B7837C /* 141. Linked List Cycle */,
				677903C8222801DC00B7837C /* 8. String to Integer */,
				6734F6A4222D47AE0085DD86 /* 1. Two Sum */,
				6734F6AF222D48B00085DD86 /* 77. Combinations */,
				6727600C2233B2EC00953C66 /* 50. Pow(x, n) */,
				67B61258225F4FBE007ED741 /* 70. Climbing Stairs */,
				67EE8AE022671FDF00534697 /* 98. Validate Binary Search Tree */,
			);
			name = Products;
			sourceTree = "<group>";
		};
		67D847AA21E9A135009D21C2 /* Fibonacci */ = {
			isa = PBXGroup;
			children = (
				67D847B221E9A162009D21C2 /* Fibonacci.h */,
				67D847B321E9A162009D21C2 /* Fibonacci.c */,
				67D847B021E9A148009D21C2 /* main.c */,
			);
			path = Fibonacci;
			sourceTree = "<group>";
		};
		67D847BA21E9A530009D21C2 /* ToLowerCase */ = {
			isa = PBXGroup;
			children = (
				67D847BB21E9A530009D21C2 /* main.swift */,
			);
			path = ToLowerCase;
			sourceTree = "<group>";
		};
		67EE8AE122671FDF00534697 /* 98. Validate Binary Search Tree */ = {
			isa = PBXGroup;
			children = (
				67EE8AE222671FDF00534697 /* main.swift */,
				67EE8AE72267201600534697 /* TreeNode.swift */,
				67E2474722673345001F8E36 /* BinaryTree.swift */,
			);
			path = "98. Validate Binary Search Tree";
			sourceTree = "<group>";
		};
/* End PBXGroup section */

/* Begin PBXNativeTarget section */
		6727600B2233B2EC00953C66 /* 50. Pow(x, n) */ = {
			isa = PBXNativeTarget;
			buildConfigurationList = 672760122233B2EC00953C66 /* Build configuration list for PBXNativeTarget "50. Pow(x, n)" */;
			buildPhases = (
				672760082233B2EC00953C66 /* Sources */,
				672760092233B2EC00953C66 /* Frameworks */,
				6727600A2233B2EC00953C66 /* CopyFiles */,
			);
			buildRules = (
			);
			dependencies = (
			);
			name = "50. Pow(x, n)";
			productName = "50. Pow(x, n)";
			productReference = 6727600C2233B2EC00953C66 /* 50. Pow(x, n) */;
			productType = "com.apple.product-type.tool";
		};
		6734F6A3222D47AE0085DD86 /* 1. Two Sum */ = {
			isa = PBXNativeTarget;
			buildConfigurationList = 6734F6AA222D47AF0085DD86 /* Build configuration list for PBXNativeTarget "1. Two Sum" */;
			buildPhases = (
				6734F6A0222D47AE0085DD86 /* Sources */,
				6734F6A1222D47AE0085DD86 /* Frameworks */,
				6734F6A2222D47AE0085DD86 /* CopyFiles */,
			);
			buildRules = (
			);
			dependencies = (
			);
			name = "1. Two Sum";
			productName = "1. Two Sum";
			productReference = 6734F6A4222D47AE0085DD86 /* 1. Two Sum */;
			productType = "com.apple.product-type.tool";
		};
		6734F6AE222D48B00085DD86 /* 77. Combinations */ = {
			isa = PBXNativeTarget;
			buildConfigurationList = 6734F6B3222D48B00085DD86 /* Build configuration list for PBXNativeTarget "77. Combinations" */;
			buildPhases = (
				6734F6AB222D48B00085DD86 /* Sources */,
				6734F6AC222D48B00085DD86 /* Frameworks */,
				6734F6AD222D48B00085DD86 /* CopyFiles */,
			);
			buildRules = (
			);
			dependencies = (
			);
			name = "77. Combinations";
			productName = "77. Combinations";
			productReference = 6734F6AF222D48B00085DD86 /* 77. Combinations */;
			productType = "com.apple.product-type.tool";
		};
		67635CEF21EC8DFD00235C81 /* RangeSumOfBST */ = {
			isa = PBXNativeTarget;
			buildConfigurationList = 67635CF621EC8DFD00235C81 /* Build configuration list for PBXNativeTarget "RangeSumOfBST" */;
			buildPhases = (
				67635CEC21EC8DFD00235C81 /* Sources */,
				67635CED21EC8DFD00235C81 /* Frameworks */,
				67635CEE21EC8DFD00235C81 /* CopyFiles */,
			);
			buildRules = (
			);
			dependencies = (
			);
			name = RangeSumOfBST;
			productName = RangeSumOfBST;
			productReference = 67635CF021EC8DFD00235C81 /* RangeSumOfBST */;
			productType = "com.apple.product-type.tool";
		};
		6764EB9621EC860100544DA6 /* UniqueEmailAddresses */ = {
			isa = PBXNativeTarget;
			buildConfigurationList = 6764EB9D21EC860100544DA6 /* Build configuration list for PBXNativeTarget "UniqueEmailAddresses" */;
			buildPhases = (
				6764EB9321EC860100544DA6 /* Sources */,
				6764EB9421EC860100544DA6 /* Frameworks */,
				6764EB9521EC860100544DA6 /* CopyFiles */,
			);
			buildRules = (
			);
			dependencies = (
			);
			name = UniqueEmailAddresses;
			productName = UniqueEmailAddresses;
			productReference = 6764EB9721EC860100544DA6 /* UniqueEmailAddresses */;
			productType = "com.apple.product-type.tool";
		};
		677903BB2227F64D00B7837C /* 141. Linked List Cycle */ = {
			isa = PBXNativeTarget;
			buildConfigurationList = 677903C22227F64D00B7837C /* Build configuration list for PBXNativeTarget "141. Linked List Cycle" */;
			buildPhases = (
				677903B82227F64D00B7837C /* Sources */,
				677903B92227F64D00B7837C /* Frameworks */,
				677903BA2227F64D00B7837C /* CopyFiles */,
			);
			buildRules = (
			);
			dependencies = (
			);
			name = "141. Linked List Cycle";
			productName = "141. Linked List Cycle";
			productReference = 677903BC2227F64D00B7837C /* 141. Linked List Cycle */;
			productType = "com.apple.product-type.tool";
		};
		677903C7222801DC00B7837C /* 8. String to Integer */ = {
			isa = PBXNativeTarget;
			buildConfigurationList = 677903CC222801DC00B7837C /* Build configuration list for PBXNativeTarget "8. String to Integer" */;
			buildPhases = (
				677903C4222801DC00B7837C /* Sources */,
				677903C5222801DC00B7837C /* Frameworks */,
				677903C6222801DC00B7837C /* CopyFiles */,
			);
			buildRules = (
			);
			dependencies = (
			);
			name = "8. String to Integer";
			productName = "8. String to Integer";
			productReference = 677903C8222801DC00B7837C /* 8. String to Integer */;
			productType = "com.apple.product-type.tool";
		};
		67B61257225F4FBE007ED741 /* 70. Climbing Stairs */ = {
			isa = PBXNativeTarget;
			buildConfigurationList = 67B6125E225F4FBE007ED741 /* Build configuration list for PBXNativeTarget "70. Climbing Stairs" */;
			buildPhases = (
				67B61254225F4FBE007ED741 /* Sources */,
				67B61255225F4FBE007ED741 /* Frameworks */,
				67B61256225F4FBE007ED741 /* CopyFiles */,
			);
			buildRules = (
			);
			dependencies = (
			);
			name = "70. Climbing Stairs";
			productName = "70. Climbing Stairs";
			productReference = 67B61258225F4FBE007ED741 /* 70. Climbing Stairs */;
			productType = "com.apple.product-type.tool";
		};
		67BA43752227CF4900589074 /* 206. Reverse Linked List */ = {
			isa = PBXNativeTarget;
			buildConfigurationList = 67BA437C2227CF4900589074 /* Build configuration list for PBXNativeTarget "206. Reverse Linked List" */;
			buildPhases = (
				67BA43722227CF4900589074 /* Sources */,
				67BA43732227CF4900589074 /* Frameworks */,
				67BA43742227CF4900589074 /* CopyFiles */,
			);
			buildRules = (
			);
			dependencies = (
			);
			name = "206. Reverse Linked List";
			productName = "206. Reverse Linked List";
			productReference = 67BA43762227CF4900589074 /* 206. Reverse Linked List */;
			productType = "com.apple.product-type.tool";
		};
		67D03C8E21F0AC180081A00E /* SortArrayByParity */ = {
			isa = PBXNativeTarget;
			buildConfigurationList = 67D03C9521F0AC180081A00E /* Build configuration list for PBXNativeTarget "SortArrayByParity" */;
			buildPhases = (
				67D03C8B21F0AC180081A00E /* Sources */,
				67D03C8C21F0AC180081A00E /* Frameworks */,
				67D03C8D21F0AC180081A00E /* CopyFiles */,
			);
			buildRules = (
			);
			dependencies = (
			);
			name = SortArrayByParity;
			productName = SortArrayByParity;
			productReference = 67D03C8F21F0AC180081A00E /* SortArrayByParity */;
			productType = "com.apple.product-type.tool";
		};
		67D847A821E9A135009D21C2 /* Fibonacci */ = {
			isa = PBXNativeTarget;
			buildConfigurationList = 67D847AD21E9A135009D21C2 /* Build configuration list for PBXNativeTarget "Fibonacci" */;
			buildPhases = (
				67D847A521E9A135009D21C2 /* Sources */,
				67D847A621E9A135009D21C2 /* Frameworks */,
				67D847A721E9A135009D21C2 /* CopyFiles */,
			);
			buildRules = (
			);
			dependencies = (
			);
			name = Fibonacci;
			productName = Fibonacci;
			productReference = 67D847A921E9A135009D21C2 /* Fibonacci */;
			productType = "com.apple.product-type.tool";
		};
		67D847B821E9A530009D21C2 /* ToLowerCase */ = {
			isa = PBXNativeTarget;
			buildConfigurationList = 67D847BD21E9A530009D21C2 /* Build configuration list for PBXNativeTarget "ToLowerCase" */;
			buildPhases = (
				67D847B521E9A530009D21C2 /* Sources */,
				67D847B621E9A530009D21C2 /* Frameworks */,
				67D847B721E9A530009D21C2 /* CopyFiles */,
			);
			buildRules = (
			);
			dependencies = (
			);
			name = ToLowerCase;
			productName = ToLowerCase;
			productReference = 67D847B921E9A530009D21C2 /* ToLowerCase */;
			productType = "com.apple.product-type.tool";
		};
		67EE8ADF22671FDF00534697 /* 98. Validate Binary Search Tree */ = {
			isa = PBXNativeTarget;
			buildConfigurationList = 67EE8AE622671FDF00534697 /* Build configuration list for PBXNativeTarget "98. Validate Binary Search Tree" */;
			buildPhases = (
				67EE8ADC22671FDF00534697 /* Sources */,
				67EE8ADD22671FDF00534697 /* Frameworks */,
				67EE8ADE22671FDF00534697 /* CopyFiles */,
			);
			buildRules = (
			);
			dependencies = (
			);
			name = "98. Validate Binary Search Tree";
			productName = "98. Validate Binary Search Tree";
			productReference = 67EE8AE022671FDF00534697 /* 98. Validate Binary Search Tree */;
			productType = "com.apple.product-type.tool";
		};
/* End PBXNativeTarget section */

/* Begin PBXProject section */
		67D8478821E9A0B2009D21C2 /* Project object */ = {
			isa = PBXProject;
			attributes = {
				LastSwiftUpdateCheck = 1020;
				LastUpgradeCheck = 1020;
				ORGANIZATIONNAME = saidicaprio;
				TargetAttributes = {
					6727600B2233B2EC00953C66 = {
						CreatedOnToolsVersion = 10.1;
						LastSwiftMigration = 1020;
					};
					6734F6A3222D47AE0085DD86 = {
						CreatedOnToolsVersion = 10.1;
					};
					6734F6AE222D48B00085DD86 = {
						CreatedOnToolsVersion = 10.1;
					};
					67635CEF21EC8DFD00235C81 = {
						CreatedOnToolsVersion = 10.1;
					};
					6764EB9621EC860100544DA6 = {
						CreatedOnToolsVersion = 10.1;
					};
					677903BB2227F64D00B7837C = {
						CreatedOnToolsVersion = 10.1;
					};
					677903C7222801DC00B7837C = {
						CreatedOnToolsVersion = 10.1;
						LastSwiftMigration = 1020;
					};
					67B61257225F4FBE007ED741 = {
						CreatedOnToolsVersion = 10.2;
					};
					67BA43752227CF4900589074 = {
						CreatedOnToolsVersion = 10.1;
					};
					67D03C8E21F0AC180081A00E = {
						CreatedOnToolsVersion = 10.1;
					};
					67D847A821E9A135009D21C2 = {
						CreatedOnToolsVersion = 10.1;
					};
					67D847B821E9A530009D21C2 = {
						CreatedOnToolsVersion = 10.1;
					};
					67EE8ADF22671FDF00534697 = {
						CreatedOnToolsVersion = 10.2;
					};
				};
			};
			buildConfigurationList = 67D8478B21E9A0B2009D21C2 /* Build configuration list for PBXProject "LeetCode" */;
			compatibilityVersion = "Xcode 9.3";
			developmentRegion = en;
			hasScannedForEncodings = 0;
			knownRegions = (
				en,
				Base,
			);
			mainGroup = 67D8478721E9A0B2009D21C2;
			productRefGroup = 67D8479121E9A0B2009D21C2 /* Products */;
			projectDirPath = "";
			projectRoot = "";
			targets = (
				67D847A821E9A135009D21C2 /* Fibonacci */,
				67D847B821E9A530009D21C2 /* ToLowerCase */,
				6764EB9621EC860100544DA6 /* UniqueEmailAddresses */,
				67635CEF21EC8DFD00235C81 /* RangeSumOfBST */,
				67D03C8E21F0AC180081A00E /* SortArrayByParity */,
				67BA43752227CF4900589074 /* 206. Reverse Linked List */,
				677903BB2227F64D00B7837C /* 141. Linked List Cycle */,
				677903C7222801DC00B7837C /* 8. String to Integer */,
				6734F6A3222D47AE0085DD86 /* 1. Two Sum */,
				6734F6AE222D48B00085DD86 /* 77. Combinations */,
				6727600B2233B2EC00953C66 /* 50. Pow(x, n) */,
				67B61257225F4FBE007ED741 /* 70. Climbing Stairs */,
				67EE8ADF22671FDF00534697 /* 98. Validate Binary Search Tree */,
			);
		};
/* End PBXProject section */

/* Begin PBXSourcesBuildPhase section */
		672760082233B2EC00953C66 /* Sources */ = {
			isa = PBXSourcesBuildPhase;
			buildActionMask = 2147483647;
			files = (
				6727600F2233B2EC00953C66 /* main.swift in Sources */,
			);
			runOnlyForDeploymentPostprocessing = 0;
		};
		6734F6A0222D47AE0085DD86 /* Sources */ = {
			isa = PBXSourcesBuildPhase;
			buildActionMask = 2147483647;
			files = (
				6734F6A7222D47AE0085DD86 /* main.swift in Sources */,
			);
			runOnlyForDeploymentPostprocessing = 0;
		};
		6734F6AB222D48B00085DD86 /* Sources */ = {
			isa = PBXSourcesBuildPhase;
			buildActionMask = 2147483647;
			files = (
				6734F6B2222D48B00085DD86 /* main.swift in Sources */,
			);
			runOnlyForDeploymentPostprocessing = 0;
		};
		67635CEC21EC8DFD00235C81 /* Sources */ = {
			isa = PBXSourcesBuildPhase;
			buildActionMask = 2147483647;
			files = (
				67635CF921EC8E2900235C81 /* RangeSumOfBST.c in Sources */,
				67635CF321EC8DFD00235C81 /* main.c in Sources */,
			);
			runOnlyForDeploymentPostprocessing = 0;
		};
		6764EB9321EC860100544DA6 /* Sources */ = {
			isa = PBXSourcesBuildPhase;
			buildActionMask = 2147483647;
			files = (
				6764EB9A21EC860100544DA6 /* main.swift in Sources */,
			);
			runOnlyForDeploymentPostprocessing = 0;
		};
		677903B82227F64D00B7837C /* Sources */ = {
			isa = PBXSourcesBuildPhase;
			buildActionMask = 2147483647;
			files = (
				677903BF2227F64D00B7837C /* main.swift in Sources */,
			);
			runOnlyForDeploymentPostprocessing = 0;
		};
		677903C4222801DC00B7837C /* Sources */ = {
			isa = PBXSourcesBuildPhase;
			buildActionMask = 2147483647;
			files = (
				677903CB222801DC00B7837C /* main.swift in Sources */,
			);
			runOnlyForDeploymentPostprocessing = 0;
		};
		67B61254225F4FBE007ED741 /* Sources */ = {
			isa = PBXSourcesBuildPhase;
			buildActionMask = 2147483647;
			files = (
				67B6125B225F4FBE007ED741 /* main.swift in Sources */,
			);
			runOnlyForDeploymentPostprocessing = 0;
		};
		67BA43722227CF4900589074 /* Sources */ = {
			isa = PBXSourcesBuildPhase;
			buildActionMask = 2147483647;
			files = (
				67BA43792227CF4900589074 /* main.swift in Sources */,
			);
			runOnlyForDeploymentPostprocessing = 0;
		};
		67D03C8B21F0AC180081A00E /* Sources */ = {
			isa = PBXSourcesBuildPhase;
			buildActionMask = 2147483647;
			files = (
				67D03C9221F0AC180081A00E /* main.c in Sources */,
				67D03C9821F0AC2A0081A00E /* SortArrayByParity.c in Sources */,
			);
			runOnlyForDeploymentPostprocessing = 0;
		};
		67D847A521E9A135009D21C2 /* Sources */ = {
			isa = PBXSourcesBuildPhase;
			buildActionMask = 2147483647;
			files = (
				67D847B421E9A162009D21C2 /* Fibonacci.c in Sources */,
				67D847B121E9A148009D21C2 /* main.c in Sources */,
			);
			runOnlyForDeploymentPostprocessing = 0;
		};
		67D847B521E9A530009D21C2 /* Sources */ = {
			isa = PBXSourcesBuildPhase;
			buildActionMask = 2147483647;
			files = (
				67D847BC21E9A530009D21C2 /* main.swift in Sources */,
			);
			runOnlyForDeploymentPostprocessing = 0;
		};
		67EE8ADC22671FDF00534697 /* Sources */ = {
			isa = PBXSourcesBuildPhase;
			buildActionMask = 2147483647;
			files = (
				67EE8AE322671FDF00534697 /* main.swift in Sources */,
				67EE8AE82267201600534697 /* TreeNode.swift in Sources */,
				67E2474822673345001F8E36 /* BinaryTree.swift in Sources */,
			);
			runOnlyForDeploymentPostprocessing = 0;
		};
/* End PBXSourcesBuildPhase section */

/* Begin XCBuildConfiguration section */
		672760102233B2EC00953C66 /* Debug */ = {
			isa = XCBuildConfiguration;
			buildSettings = {
				CODE_SIGN_IDENTITY = "Mac Developer";
				CODE_SIGN_STYLE = Automatic;
				DEVELOPMENT_TEAM = 7R3MSEN8NJ;
				PRODUCT_NAME = "$(TARGET_NAME)";
				SWIFT_ACTIVE_COMPILATION_CONDITIONS = DEBUG;
				SWIFT_OPTIMIZATION_LEVEL = "-Onone";
				SWIFT_VERSION = 5.0;
			};
			name = Debug;
		};
		672760112233B2EC00953C66 /* Release */ = {
			isa = XCBuildConfiguration;
			buildSettings = {
				CODE_SIGN_IDENTITY = "Mac Developer";
				CODE_SIGN_STYLE = Automatic;
				DEVELOPMENT_TEAM = 7R3MSEN8NJ;
				PRODUCT_NAME = "$(TARGET_NAME)";
				SWIFT_COMPILATION_MODE = wholemodule;
				SWIFT_OPTIMIZATION_LEVEL = "-O";
				SWIFT_VERSION = 5.0;
			};
			name = Release;
		};
		6734F6A8222D47AE0085DD86 /* Debug */ = {
			isa = XCBuildConfiguration;
			buildSettings = {
				CODE_SIGN_IDENTITY = "Mac Developer";
				CODE_SIGN_STYLE = Automatic;
				DEVELOPMENT_TEAM = 7R3MSEN8NJ;
				PRODUCT_NAME = "$(TARGET_NAME)";
				SWIFT_ACTIVE_COMPILATION_CONDITIONS = DEBUG;
				SWIFT_OPTIMIZATION_LEVEL = "-Onone";
				SWIFT_VERSION = 4.2;
			};
			name = Debug;
		};
		6734F6A9222D47AE0085DD86 /* Release */ = {
			isa = XCBuildConfiguration;
			buildSettings = {
				CODE_SIGN_IDENTITY = "Mac Developer";
				CODE_SIGN_STYLE = Automatic;
				DEVELOPMENT_TEAM = 7R3MSEN8NJ;
				PRODUCT_NAME = "$(TARGET_NAME)";
				SWIFT_COMPILATION_MODE = wholemodule;
				SWIFT_OPTIMIZATION_LEVEL = "-O";
				SWIFT_VERSION = 4.2;
			};
			name = Release;
		};
		6734F6B4222D48B00085DD86 /* Debug */ = {
			isa = XCBuildConfiguration;
			buildSettings = {
				CODE_SIGN_IDENTITY = "Mac Developer";
				CODE_SIGN_STYLE = Automatic;
				DEVELOPMENT_TEAM = 7R3MSEN8NJ;
				PRODUCT_NAME = "$(TARGET_NAME)";
				SWIFT_ACTIVE_COMPILATION_CONDITIONS = DEBUG;
				SWIFT_OPTIMIZATION_LEVEL = "-Onone";
				SWIFT_VERSION = 4.2;
			};
			name = Debug;
		};
		6734F6B5222D48B00085DD86 /* Release */ = {
			isa = XCBuildConfiguration;
			buildSettings = {
				CODE_SIGN_IDENTITY = "Mac Developer";
				CODE_SIGN_STYLE = Automatic;
				DEVELOPMENT_TEAM = 7R3MSEN8NJ;
				PRODUCT_NAME = "$(TARGET_NAME)";
				SWIFT_COMPILATION_MODE = wholemodule;
				SWIFT_OPTIMIZATION_LEVEL = "-O";
				SWIFT_VERSION = 4.2;
			};
			name = Release;
		};
		67635CF421EC8DFD00235C81 /* Debug */ = {
			isa = XCBuildConfiguration;
			buildSettings = {
				CODE_SIGN_STYLE = Automatic;
				PRODUCT_NAME = "$(TARGET_NAME)";
			};
			name = Debug;
		};
		67635CF521EC8DFD00235C81 /* Release */ = {
			isa = XCBuildConfiguration;
			buildSettings = {
				CODE_SIGN_STYLE = Automatic;
				PRODUCT_NAME = "$(TARGET_NAME)";
			};
			name = Release;
		};
		6764EB9B21EC860100544DA6 /* Debug */ = {
			isa = XCBuildConfiguration;
			buildSettings = {
				CODE_SIGN_STYLE = Automatic;
				PRODUCT_NAME = "$(TARGET_NAME)";
				SWIFT_ACTIVE_COMPILATION_CONDITIONS = DEBUG;
				SWIFT_OPTIMIZATION_LEVEL = "-Onone";
				SWIFT_VERSION = 4.2;
			};
			name = Debug;
		};
		6764EB9C21EC860100544DA6 /* Release */ = {
			isa = XCBuildConfiguration;
			buildSettings = {
				CODE_SIGN_STYLE = Automatic;
				PRODUCT_NAME = "$(TARGET_NAME)";
				SWIFT_COMPILATION_MODE = wholemodule;
				SWIFT_OPTIMIZATION_LEVEL = "-O";
				SWIFT_VERSION = 4.2;
			};
			name = Release;
		};
		677903C02227F64D00B7837C /* Debug */ = {
			isa = XCBuildConfiguration;
			buildSettings = {
				CODE_SIGN_IDENTITY = "Mac Developer";
				CODE_SIGN_STYLE = Automatic;
				DEVELOPMENT_TEAM = 7R3MSEN8NJ;
				PRODUCT_NAME = "$(TARGET_NAME)";
				SWIFT_ACTIVE_COMPILATION_CONDITIONS = DEBUG;
				SWIFT_OPTIMIZATION_LEVEL = "-Onone";
				SWIFT_VERSION = 4.2;
			};
			name = Debug;
		};
		677903C12227F64D00B7837C /* Release */ = {
			isa = XCBuildConfiguration;
			buildSettings = {
				CODE_SIGN_IDENTITY = "Mac Developer";
				CODE_SIGN_STYLE = Automatic;
				DEVELOPMENT_TEAM = 7R3MSEN8NJ;
				PRODUCT_NAME = "$(TARGET_NAME)";
				SWIFT_COMPILATION_MODE = wholemodule;
				SWIFT_OPTIMIZATION_LEVEL = "-O";
				SWIFT_VERSION = 4.2;
			};
			name = Release;
		};
		677903CD222801DC00B7837C /* Debug */ = {
			isa = XCBuildConfiguration;
			buildSettings = {
				CODE_SIGN_IDENTITY = "Mac Developer";
				CODE_SIGN_STYLE = Automatic;
				DEVELOPMENT_TEAM = 7R3MSEN8NJ;
				PRODUCT_NAME = "$(TARGET_NAME)";
				SWIFT_ACTIVE_COMPILATION_CONDITIONS = DEBUG;
				SWIFT_OPTIMIZATION_LEVEL = "-Onone";
				SWIFT_VERSION = 5.0;
			};
			name = Debug;
		};
		677903CE222801DC00B7837C /* Release */ = {
			isa = XCBuildConfiguration;
			buildSettings = {
				CODE_SIGN_IDENTITY = "Mac Developer";
				CODE_SIGN_STYLE = Automatic;
				DEVELOPMENT_TEAM = 7R3MSEN8NJ;
				PRODUCT_NAME = "$(TARGET_NAME)";
				SWIFT_COMPILATION_MODE = wholemodule;
				SWIFT_OPTIMIZATION_LEVEL = "-O";
				SWIFT_VERSION = 5.0;
			};
			name = Release;
		};
		67B6125C225F4FBE007ED741 /* Debug */ = {
			isa = XCBuildConfiguration;
			buildSettings = {
				CODE_SIGN_IDENTITY = "Mac Developer";
				CODE_SIGN_STYLE = Automatic;
				DEVELOPMENT_TEAM = 7R3MSEN8NJ;
				PRODUCT_NAME = "$(TARGET_NAME)";
				SWIFT_ACTIVE_COMPILATION_CONDITIONS = DEBUG;
				SWIFT_OPTIMIZATION_LEVEL = "-Onone";
				SWIFT_VERSION = 5.0;
			};
			name = Debug;
		};
		67B6125D225F4FBE007ED741 /* Release */ = {
			isa = XCBuildConfiguration;
			buildSettings = {
				CODE_SIGN_IDENTITY = "Mac Developer";
				CODE_SIGN_STYLE = Automatic;
				DEVELOPMENT_TEAM = 7R3MSEN8NJ;
				PRODUCT_NAME = "$(TARGET_NAME)";
				SWIFT_COMPILATION_MODE = wholemodule;
				SWIFT_OPTIMIZATION_LEVEL = "-O";
				SWIFT_VERSION = 5.0;
			};
			name = Release;
		};
		67BA437A2227CF4900589074 /* Debug */ = {
			isa = XCBuildConfiguration;
			buildSettings = {
				CODE_SIGN_IDENTITY = "Mac Developer";
				CODE_SIGN_STYLE = Automatic;
				DEVELOPMENT_TEAM = 7R3MSEN8NJ;
				PRODUCT_NAME = "$(TARGET_NAME)";
				SWIFT_ACTIVE_COMPILATION_CONDITIONS = DEBUG;
				SWIFT_OPTIMIZATION_LEVEL = "-Onone";
				SWIFT_VERSION = 4.2;
			};
			name = Debug;
		};
		67BA437B2227CF4900589074 /* Release */ = {
			isa = XCBuildConfiguration;
			buildSettings = {
				CODE_SIGN_IDENTITY = "Mac Developer";
				CODE_SIGN_STYLE = Automatic;
				DEVELOPMENT_TEAM = 7R3MSEN8NJ;
				PRODUCT_NAME = "$(TARGET_NAME)";
				SWIFT_COMPILATION_MODE = wholemodule;
				SWIFT_OPTIMIZATION_LEVEL = "-O";
				SWIFT_VERSION = 4.2;
			};
			name = Release;
		};
		67D03C9321F0AC180081A00E /* Debug */ = {
			isa = XCBuildConfiguration;
			buildSettings = {
				CODE_SIGN_STYLE = Automatic;
				PRODUCT_NAME = "$(TARGET_NAME)";
			};
			name = Debug;
		};
		67D03C9421F0AC180081A00E /* Release */ = {
			isa = XCBuildConfiguration;
			buildSettings = {
				CODE_SIGN_STYLE = Automatic;
				PRODUCT_NAME = "$(TARGET_NAME)";
			};
			name = Release;
		};
		67D8479521E9A0B2009D21C2 /* Debug */ = {
			isa = XCBuildConfiguration;
			buildSettings = {
				ALWAYS_SEARCH_USER_PATHS = NO;
				CLANG_ANALYZER_NONNULL = YES;
				CLANG_ANALYZER_NUMBER_OBJECT_CONVERSION = YES_AGGRESSIVE;
				CLANG_CXX_LANGUAGE_STANDARD = "gnu++14";
				CLANG_CXX_LIBRARY = "libc++";
				CLANG_ENABLE_MODULES = YES;
				CLANG_ENABLE_OBJC_ARC = YES;
				CLANG_ENABLE_OBJC_WEAK = YES;
				CLANG_WARN_BLOCK_CAPTURE_AUTORELEASING = YES;
				CLANG_WARN_BOOL_CONVERSION = YES;
				CLANG_WARN_COMMA = YES;
				CLANG_WARN_CONSTANT_CONVERSION = YES;
				CLANG_WARN_DEPRECATED_OBJC_IMPLEMENTATIONS = YES;
				CLANG_WARN_DIRECT_OBJC_ISA_USAGE = YES_ERROR;
				CLANG_WARN_DOCUMENTATION_COMMENTS = YES;
				CLANG_WARN_EMPTY_BODY = YES;
				CLANG_WARN_ENUM_CONVERSION = YES;
				CLANG_WARN_INFINITE_RECURSION = YES;
				CLANG_WARN_INT_CONVERSION = YES;
				CLANG_WARN_NON_LITERAL_NULL_CONVERSION = YES;
				CLANG_WARN_OBJC_IMPLICIT_RETAIN_SELF = YES;
				CLANG_WARN_OBJC_LITERAL_CONVERSION = YES;
				CLANG_WARN_OBJC_ROOT_CLASS = YES_ERROR;
				CLANG_WARN_RANGE_LOOP_ANALYSIS = YES;
				CLANG_WARN_STRICT_PROTOTYPES = YES;
				CLANG_WARN_SUSPICIOUS_MOVE = YES;
				CLANG_WARN_UNGUARDED_AVAILABILITY = YES_AGGRESSIVE;
				CLANG_WARN_UNREACHABLE_CODE = YES;
				CLANG_WARN__DUPLICATE_METHOD_MATCH = YES;
				CODE_SIGN_IDENTITY = "-";
				COPY_PHASE_STRIP = NO;
				DEBUG_INFORMATION_FORMAT = dwarf;
				ENABLE_STRICT_OBJC_MSGSEND = YES;
				ENABLE_TESTABILITY = YES;
				GCC_C_LANGUAGE_STANDARD = gnu11;
				GCC_DYNAMIC_NO_PIC = NO;
				GCC_NO_COMMON_BLOCKS = YES;
				GCC_OPTIMIZATION_LEVEL = 0;
				GCC_PREPROCESSOR_DEFINITIONS = (
					"DEBUG=1",
					"$(inherited)",
				);
				GCC_WARN_64_TO_32_BIT_CONVERSION = YES;
				GCC_WARN_ABOUT_RETURN_TYPE = YES_ERROR;
				GCC_WARN_UNDECLARED_SELECTOR = YES;
				GCC_WARN_UNINITIALIZED_AUTOS = YES_AGGRESSIVE;
				GCC_WARN_UNUSED_FUNCTION = YES;
				GCC_WARN_UNUSED_VARIABLE = YES;
				MACOSX_DEPLOYMENT_TARGET = 10.14;
				MTL_ENABLE_DEBUG_INFO = INCLUDE_SOURCE;
				MTL_FAST_MATH = YES;
				ONLY_ACTIVE_ARCH = YES;
				SDKROOT = macosx;
			};
			name = Debug;
		};
		67D8479621E9A0B2009D21C2 /* Release */ = {
			isa = XCBuildConfiguration;
			buildSettings = {
				ALWAYS_SEARCH_USER_PATHS = NO;
				CLANG_ANALYZER_NONNULL = YES;
				CLANG_ANALYZER_NUMBER_OBJECT_CONVERSION = YES_AGGRESSIVE;
				CLANG_CXX_LANGUAGE_STANDARD = "gnu++14";
				CLANG_CXX_LIBRARY = "libc++";
				CLANG_ENABLE_MODULES = YES;
				CLANG_ENABLE_OBJC_ARC = YES;
				CLANG_ENABLE_OBJC_WEAK = YES;
				CLANG_WARN_BLOCK_CAPTURE_AUTORELEASING = YES;
				CLANG_WARN_BOOL_CONVERSION = YES;
				CLANG_WARN_COMMA = YES;
				CLANG_WARN_CONSTANT_CONVERSION = YES;
				CLANG_WARN_DEPRECATED_OBJC_IMPLEMENTATIONS = YES;
				CLANG_WARN_DIRECT_OBJC_ISA_USAGE = YES_ERROR;
				CLANG_WARN_DOCUMENTATION_COMMENTS = YES;
				CLANG_WARN_EMPTY_BODY = YES;
				CLANG_WARN_ENUM_CONVERSION = YES;
				CLANG_WARN_INFINITE_RECURSION = YES;
				CLANG_WARN_INT_CONVERSION = YES;
				CLANG_WARN_NON_LITERAL_NULL_CONVERSION = YES;
				CLANG_WARN_OBJC_IMPLICIT_RETAIN_SELF = YES;
				CLANG_WARN_OBJC_LITERAL_CONVERSION = YES;
				CLANG_WARN_OBJC_ROOT_CLASS = YES_ERROR;
				CLANG_WARN_RANGE_LOOP_ANALYSIS = YES;
				CLANG_WARN_STRICT_PROTOTYPES = YES;
				CLANG_WARN_SUSPICIOUS_MOVE = YES;
				CLANG_WARN_UNGUARDED_AVAILABILITY = YES_AGGRESSIVE;
				CLANG_WARN_UNREACHABLE_CODE = YES;
				CLANG_WARN__DUPLICATE_METHOD_MATCH = YES;
				CODE_SIGN_IDENTITY = "-";
				COPY_PHASE_STRIP = NO;
				DEBUG_INFORMATION_FORMAT = "dwarf-with-dsym";
				ENABLE_NS_ASSERTIONS = NO;
				ENABLE_STRICT_OBJC_MSGSEND = YES;
				GCC_C_LANGUAGE_STANDARD = gnu11;
				GCC_NO_COMMON_BLOCKS = YES;
				GCC_WARN_64_TO_32_BIT_CONVERSION = YES;
				GCC_WARN_ABOUT_RETURN_TYPE = YES_ERROR;
				GCC_WARN_UNDECLARED_SELECTOR = YES;
				GCC_WARN_UNINITIALIZED_AUTOS = YES_AGGRESSIVE;
				GCC_WARN_UNUSED_FUNCTION = YES;
				GCC_WARN_UNUSED_VARIABLE = YES;
				MACOSX_DEPLOYMENT_TARGET = 10.14;
				MTL_ENABLE_DEBUG_INFO = NO;
				MTL_FAST_MATH = YES;
				SDKROOT = macosx;
				SWIFT_COMPILATION_MODE = wholemodule;
			};
			name = Release;
		};
		67D847AE21E9A135009D21C2 /* Debug */ = {
			isa = XCBuildConfiguration;
			buildSettings = {
				CODE_SIGN_STYLE = Automatic;
				PRODUCT_NAME = "$(TARGET_NAME)";
			};
			name = Debug;
		};
		67D847AF21E9A135009D21C2 /* Release */ = {
			isa = XCBuildConfiguration;
			buildSettings = {
				CODE_SIGN_STYLE = Automatic;
				PRODUCT_NAME = "$(TARGET_NAME)";
			};
			name = Release;
		};
		67D847BE21E9A530009D21C2 /* Debug */ = {
			isa = XCBuildConfiguration;
			buildSettings = {
				CODE_SIGN_STYLE = Automatic;
				PRODUCT_NAME = "$(TARGET_NAME)";
				SWIFT_ACTIVE_COMPILATION_CONDITIONS = DEBUG;
				SWIFT_OPTIMIZATION_LEVEL = "-Onone";
				SWIFT_VERSION = 4.2;
			};
			name = Debug;
		};
		67D847BF21E9A530009D21C2 /* Release */ = {
			isa = XCBuildConfiguration;
			buildSettings = {
				CODE_SIGN_STYLE = Automatic;
				PRODUCT_NAME = "$(TARGET_NAME)";
				SWIFT_COMPILATION_MODE = wholemodule;
				SWIFT_OPTIMIZATION_LEVEL = "-O";
				SWIFT_VERSION = 4.2;
			};
			name = Release;
		};
		67EE8AE422671FDF00534697 /* Debug */ = {
			isa = XCBuildConfiguration;
			buildSettings = {
				CODE_SIGN_IDENTITY = "Mac Developer";
				CODE_SIGN_STYLE = Automatic;
				DEVELOPMENT_TEAM = 7R3MSEN8NJ;
				PRODUCT_NAME = "$(TARGET_NAME)";
				SWIFT_ACTIVE_COMPILATION_CONDITIONS = DEBUG;
				SWIFT_OPTIMIZATION_LEVEL = "-Onone";
				SWIFT_VERSION = 5.0;
			};
			name = Debug;
		};
		67EE8AE522671FDF00534697 /* Release */ = {
			isa = XCBuildConfiguration;
			buildSettings = {
				CODE_SIGN_IDENTITY = "Mac Developer";
				CODE_SIGN_STYLE = Automatic;
				DEVELOPMENT_TEAM = 7R3MSEN8NJ;
				PRODUCT_NAME = "$(TARGET_NAME)";
				SWIFT_OPTIMIZATION_LEVEL = "-O";
				SWIFT_VERSION = 5.0;
			};
			name = Release;
		};
/* End XCBuildConfiguration section */

/* Begin XCConfigurationList section */
		672760122233B2EC00953C66 /* Build configuration list for PBXNativeTarget "50. Pow(x, n)" */ = {
			isa = XCConfigurationList;
			buildConfigurations = (
				672760102233B2EC00953C66 /* Debug */,
				672760112233B2EC00953C66 /* Release */,
			);
			defaultConfigurationIsVisible = 0;
			defaultConfigurationName = Release;
		};
		6734F6AA222D47AF0085DD86 /* Build configuration list for PBXNativeTarget "1. Two Sum" */ = {
			isa = XCConfigurationList;
			buildConfigurations = (
				6734F6A8222D47AE0085DD86 /* Debug */,
				6734F6A9222D47AE0085DD86 /* Release */,
			);
			defaultConfigurationIsVisible = 0;
			defaultConfigurationName = Release;
		};
		6734F6B3222D48B00085DD86 /* Build configuration list for PBXNativeTarget "77. Combinations" */ = {
			isa = XCConfigurationList;
			buildConfigurations = (
				6734F6B4222D48B00085DD86 /* Debug */,
				6734F6B5222D48B00085DD86 /* Release */,
			);
			defaultConfigurationIsVisible = 0;
			defaultConfigurationName = Release;
		};
		67635CF621EC8DFD00235C81 /* Build configuration list for PBXNativeTarget "RangeSumOfBST" */ = {
			isa = XCConfigurationList;
			buildConfigurations = (
				67635CF421EC8DFD00235C81 /* Debug */,
				67635CF521EC8DFD00235C81 /* Release */,
			);
			defaultConfigurationIsVisible = 0;
			defaultConfigurationName = Release;
		};
		6764EB9D21EC860100544DA6 /* Build configuration list for PBXNativeTarget "UniqueEmailAddresses" */ = {
			isa = XCConfigurationList;
			buildConfigurations = (
				6764EB9B21EC860100544DA6 /* Debug */,
				6764EB9C21EC860100544DA6 /* Release */,
			);
			defaultConfigurationIsVisible = 0;
			defaultConfigurationName = Release;
		};
		677903C22227F64D00B7837C /* Build configuration list for PBXNativeTarget "141. Linked List Cycle" */ = {
			isa = XCConfigurationList;
			buildConfigurations = (
				677903C02227F64D00B7837C /* Debug */,
				677903C12227F64D00B7837C /* Release */,
			);
			defaultConfigurationIsVisible = 0;
			defaultConfigurationName = Release;
		};
		677903CC222801DC00B7837C /* Build configuration list for PBXNativeTarget "8. String to Integer" */ = {
			isa = XCConfigurationList;
			buildConfigurations = (
				677903CD222801DC00B7837C /* Debug */,
				677903CE222801DC00B7837C /* Release */,
			);
			defaultConfigurationIsVisible = 0;
			defaultConfigurationName = Release;
		};
		67B6125E225F4FBE007ED741 /* Build configuration list for PBXNativeTarget "70. Climbing Stairs" */ = {
			isa = XCConfigurationList;
			buildConfigurations = (
				67B6125C225F4FBE007ED741 /* Debug */,
				67B6125D225F4FBE007ED741 /* Release */,
			);
			defaultConfigurationIsVisible = 0;
			defaultConfigurationName = Release;
		};
		67BA437C2227CF4900589074 /* Build configuration list for PBXNativeTarget "206. Reverse Linked List" */ = {
			isa = XCConfigurationList;
			buildConfigurations = (
				67BA437A2227CF4900589074 /* Debug */,
				67BA437B2227CF4900589074 /* Release */,
			);
			defaultConfigurationIsVisible = 0;
			defaultConfigurationName = Release;
		};
		67D03C9521F0AC180081A00E /* Build configuration list for PBXNativeTarget "SortArrayByParity" */ = {
			isa = XCConfigurationList;
			buildConfigurations = (
				67D03C9321F0AC180081A00E /* Debug */,
				67D03C9421F0AC180081A00E /* Release */,
			);
			defaultConfigurationIsVisible = 0;
			defaultConfigurationName = Release;
		};
		67D8478B21E9A0B2009D21C2 /* Build configuration list for PBXProject "LeetCode" */ = {
			isa = XCConfigurationList;
			buildConfigurations = (
				67D8479521E9A0B2009D21C2 /* Debug */,
				67D8479621E9A0B2009D21C2 /* Release */,
			);
			defaultConfigurationIsVisible = 0;
			defaultConfigurationName = Release;
		};
		67D847AD21E9A135009D21C2 /* Build configuration list for PBXNativeTarget "Fibonacci" */ = {
			isa = XCConfigurationList;
			buildConfigurations = (
				67D847AE21E9A135009D21C2 /* Debug */,
				67D847AF21E9A135009D21C2 /* Release */,
			);
			defaultConfigurationIsVisible = 0;
			defaultConfigurationName = Release;
		};
		67D847BD21E9A530009D21C2 /* Build configuration list for PBXNativeTarget "ToLowerCase" */ = {
			isa = XCConfigurationList;
			buildConfigurations = (
				67D847BE21E9A530009D21C2 /* Debug */,
				67D847BF21E9A530009D21C2 /* Release */,
			);
			defaultConfigurationIsVisible = 0;
			defaultConfigurationName = Release;
		};
		67EE8AE622671FDF00534697 /* Build configuration list for PBXNativeTarget "98. Validate Binary Search Tree" */ = {
			isa = XCConfigurationList;
			buildConfigurations = (
				67EE8AE422671FDF00534697 /* Debug */,
				67EE8AE522671FDF00534697 /* Release */,
			);
			defaultConfigurationIsVisible = 0;
			defaultConfigurationName = Release;
		};
/* End XCConfigurationList section */
	};
	rootObject = 67D8478821E9A0B2009D21C2 /* Project object */;
}
